
Microsoft Visual Studio Solution File, Format Version 12.00
# Visual Studio Version 17
VisualStudioVersion = 17.7.34202.233
MinimumVisualStudioVersion = 10.0.40219.1
Project("{FAE04EC0-301F-11D3-BF4B-00C04F79EFBC}") = "Week15OOPandFiles", "Week15OOPandFiles\Week15OOPandFiles.csproj", "{D39B2D9A-9DA2-4E0C-95F3-5740CD07AECD}"
EndProject
Global
	GlobalSection(SolutionConfigurationPlatforms) = preSolution
		Debug|Any CPU = Debug|Any CPU
		Release|Any CPU = Release|Any CPU
	EndGlobalSection
	GlobalSection(ProjectConfigurationPlatforms) = postSolution
		{D39B2D9A-9DA2-4E0C-95F3-5740CD07AECD}.Debug|Any CPU.ActiveCfg = Debug|Any CPU
		{D39B2D9A-9DA2-4E0C-95F3-5740CD07AECD}.Debug|Any CPU.Build.0 = Debug|Any CPU
		{D39B2D9A-9DA2-4E0C-95F3-5740CD07AECD}.Release|Any CPU.ActiveCfg = Release|Any CPU
		{D39B2D9A-9DA2-4E0C-95F3-5740CD07AECD}.Release|Any CPU.Build.0 = Release|Any CPU
	EndGlobalSection
	GlobalSection(SolutionProperties) = preSolution
		HideSolutionNode = FALSE
	EndGlobalSection
	GlobalSection(ExtensibilityGlobals) = postSolution
		SolutionGuid = {019301A8-5D78-46F0-A700-5E4A569FE30A}
	EndGlobalSection
EndGlobal
